// !$*UTF8*$!
{
	archiveVersion = 1;
	classes = {
	};
	objectVersion = 50;
	objects = {

/* Begin PBXBuildFile section */
		55BE9CC724DF662B00B814FE /* AppDelegate.swift in Sources */ = {isa = PBXBuildFile; fileRef = 55BE9CC624DF662B00B814FE /* AppDelegate.swift */; };
		55BE9CC924DF662B00B814FE /* SceneDelegate.swift in Sources */ = {isa = PBXBuildFile; fileRef = 55BE9CC824DF662B00B814FE /* SceneDelegate.swift */; };
		55BE9CCB24DF662B00B814FE /* ViewController.swift in Sources */ = {isa = PBXBuildFile; fileRef = 55BE9CCA24DF662B00B814FE /* ViewController.swift */; };
		55BE9CCE24DF662B00B814FE /* Main.storyboard in Resources */ = {isa = PBXBuildFile; fileRef = 55BE9CCC24DF662B00B814FE /* Main.storyboard */; };
		55BE9CD024DF662C00B814FE /* Assets.xcassets in Resources */ = {isa = PBXBuildFile; fileRef = 55BE9CCF24DF662C00B814FE /* Assets.xcassets */; };
		55BE9CD324DF662C00B814FE /* LaunchScreen.storyboard in Resources */ = {isa = PBXBuildFile; fileRef = 55BE9CD124DF662C00B814FE /* LaunchScreen.storyboard */; };
/* End PBXBuildFile section */

/* Begin PBXFileReference section */
		55BE9CC324DF662B00B814FE /* Random_Dog_API.app */ = {isa = PBXFileReference; explicitFileType = wrapper.application; includeInIndex = 0; path = Random_Dog_API.app; sourceTree = BUILT_PRODUCTS_DIR; };
		55BE9CC624DF662B00B814FE /* AppDelegate.swift */ = {isa = PBXFileReference; lastKnownFileType = sourcecode.swift; path = AppDelegate.swift; sourceTree = "<group>"; };
		55BE9CC824DF662B00B814FE /* SceneDelegate.swift */ = {isa = PBXFileReference; lastKnownFileType = sourcecode.swift; path = SceneDelegate.swift; sourceTree = "<group>"; };
		55BE9CCA24DF662B00B814FE /* ViewController.swift */ = {isa = PBXFileReference; lastKnownFileType = sourcecode.swift; path = ViewController.swift; sourceTree = "<group>"; };
		55BE9CCD24DF662B00B814FE /* Base */ = {isa = PBXFileReference; lastKnownFileType = file.storyboard; name = Base; path = Base.lproj/Main.storyboard; sourceTree = "<group>"; };
		55BE9CCF24DF662C00B814FE /* Assets.xcassets */ = {isa = PBXFileReference; lastKnownFileType = folder.assetcatalog; path = Assets.xcassets; sourceTree = "<group>"; };
		55BE9CD224DF662C00B814FE /* Base */ = {isa = PBXFileReference; lastKnownFileType = file.storyboard; name = Base; path = Base.lproj/LaunchScreen.storyboard; sourceTree = "<group>"; };
		55BE9CD424DF662C00B814FE /* Info.plist */ = {isa = PBXFileReference; lastKnownFileType = text.plist.xml; path = Info.plist; sourceTree = "<group>"; };
/* End PBXFileReference section */

/* Begin PBXFrameworksBuildPhase section */
		55BE9CC024DF662B00B814FE /* Frameworks */ = {
			isa = PBXFrameworksBuildPhase;
			buildActionMask = 2147483647;
			files = (
			);
			runOnlyForDeploymentPostprocessing = 0;
		};
/* End PBXFrameworksBuildPhase section */

/* Begin PBXGroup section */
		55BE9CBA24DF662B00B814FE = {
			isa = PBXGroup;
			children = (
				55BE9CC524DF662B00B814FE /* Random_Dog_API */,
				55BE9CC424DF662B00B814FE /* Products */,
			);
			sourceTree = "<group>";
		};
		55BE9CC424DF662B00B814FE /* Products */ = {
			isa = PBXGroup;
			children = (
				55BE9CC324DF662B00B814FE /* Random_Dog_API.app */,
			);
			name = Products;
			sourceTree = "<group>";
		};
		55BE9CC524DF662B00B814FE /* Random_Dog_API */ = {
			isa = PBXGroup;
			children = (
				55BE9CC624DF662B00B814FE /* AppDelegate.swift */,
				55BE9CC824DF662B00B814FE /* SceneDelegate.swift */,
				55BE9CCA24DF662B00B814FE /* ViewController.swift */,
				55BE9CCC24DF662B00B814FE /* Main.storyboard */,
				55BE9CCF24DF662C00B814FE /* Assets.xcassets */,
				55BE9CD124DF662C00B814FE /* LaunchScreen.storyboard */,
				55BE9CD424DF662C00B814FE /* Info.plist */,
			);
			path = Random_Dog_API;
			sourceTree = "<group>";
		};
/* End PBXGroup section */

/* Begin PBXNativeTarget section */
		55BE9CC224DF662B00B814FE /* Random_Dog_API */ = {
			isa = PBXNativeTarget;
			buildConfigurationList = 55BE9CD724DF662C00B814FE /* Build configuration list for PBXNativeTarget "Random_Dog_API" */;
			buildPhases = (
				55BE9CBF24DF662B00B814FE /* Sources */,
				55BE9CC024DF662B00B814FE /* Frameworks */,
				55BE9CC124DF662B00B814FE /* Resources */,
			);
			buildRules = (
			);
			dependencies = (
			);
			name = Random_Dog_API;
			productName = Random_Dog_API;
			productReference = 55BE9CC324DF662B00B814FE /* Random_Dog_API.app */;
			productType = "com.apple.product-type.application";
		};
/* End PBXNativeTarget section */

/* Begin PBXProject section */
		55BE9CBB24DF662B00B814FE /* Project object */ = {
			isa = PBXProject;
			attributes = {
				LastSwiftUpdateCheck = 1160;
				LastUpgradeCheck = 1160;
				ORGANIZATIONNAME = "Richard Garrison";
				TargetAttributes = {
					55BE9CC224DF662B00B814FE = {
						CreatedOnToolsVersion = 11.6;
					};
				};
			};
			buildConfigurationList = 55BE9CBE24DF662B00B814FE /* Build configuration list for PBXProject "Random_Dog_API" */;
			compatibilityVersion = "Xcode 9.3";
			developmentRegion = en;
			hasScannedForEncodings = 0;
			knownRegions = (
				en,
				Base,
			);
			mainGroup = 55BE9CBA24DF662B00B814FE;
			productRefGroup = 55BE9CC424DF662B00B814FE /* Products */;
			projectDirPath = "";
			projectRoot = "";
			targets = (
				55BE9CC224DF662B00B814FE /* Random_Dog_API */,
			);
		};
/* End PBXProject section */

/* Begin PBXResourcesBuildPhase section */
		55BE9CC124DF662B00B814FE /* Resources */ = {
			isa = PBXResourcesBuildPhase;
			buildActionMask = 2147483647;
			files = (
				55BE9CD324DF662C00B814FE /* LaunchScreen.storyboard in Resources */,
				55BE9CD024DF662C00B814FE /* Assets.xcassets in Resources */,
				55BE9CCE24DF662B00B814FE /* Main.storyboard in Resources */,
			);
			runOnlyForDeploymentPostprocessing = 0;
		};
/* End PBXResourcesBuildPhase section */

/* Begin PBXSourcesBuildPhase section */
		55BE9CBF24DF662B00B814FE /* Sources */ = {
			isa = PBXSourcesBuildPhase;
			buildActionMask = 2147483647;
			files = (
				55BE9CCB24DF662B00B814FE /* ViewController.swift in Sources */,
				55BE9CC724DF662B00B814FE /* AppDelegate.swift in Sources */,
				55BE9CC924DF662B00B814FE /* SceneDelegate.swift in Sources */,
			);
			runOnlyForDeploymentPostprocessing = 0;
		};
/* End PBXSourcesBuildPhase section */

/* Begin PBXVariantGroup section */
		55BE9CCC24DF662B00B814FE /* Main.storyboard */ = {
			isa = PBXVariantGroup;
			children = (
				55BE9CCD24DF662B00B814FE /* Base */,
			);
			name = Main.storyboard;
			sourceTree = "<group>";
		};
		55BE9CD124DF662C00B814FE /* LaunchScreen.storyboard */ = {
			isa = PBXVariantGroup;
			children = (
				55BE9CD224DF662C00B814FE /* Base */,
			);
			name = LaunchScreen.storyboard;
			sourceTree = "<group>";
		};
/* End PBXVariantGroup section */

/* Begin XCBuildConfiguration section */
		55BE9CD524DF662C00B814FE /* Debug */ = {
			isa = XCBuildConfiguration;
			buildSettings = {
				ALWAYS_SEARCH_USER_PATHS = NO;
				CLANG_ANALYZER_NONNULL = YES;
				CLANG_ANALYZER_NUMBER_OBJECT_CONVERSION = YES_AGGRESSIVE;
				CLANG_CXX_LANGUAGE_STANDARD = "gnu++14";
				CLANG_CXX_LIBRARY = "libc++";
				CLANG_ENABLE_MODULES = YES;
				CLANG_ENABLE_OBJC_ARC = YES;
				CLANG_ENABLE_OBJC_WEAK = YES;
				CLANG_WARN_BLOCK_CAPTURE_AUTORELEASING = YES;
				CLANG_WARN_BOOL_CONVERSION = YES;
				CLANG_WARN_COMMA = YES;
				CLANG_WARN_CONSTANT_CONVERSION = YES;
				CLANG_WARN_DEPRECATED_OBJC_IMPLEMENTATIONS = YES;
				CLANG_WARN_DIRECT_OBJC_ISA_USAGE = YES_ERROR;
				CLANG_WARN_DOCUMENTATION_COMMENTS = YES;
				CLANG_WARN_EMPTY_BODY = YES;
				CLANG_WARN_ENUM_CONVERSION = YES;
				CLANG_WARN_INFINITE_RECURSION = YES;
				CLANG_WARN_INT_CONVERSION = YES;
				CLANG_WARN_NON_LITERAL_NULL_CONVERSION = YES;
				CLANG_WARN_OBJC_IMPLICIT_RETAIN_SELF = YES;
				CLANG_WARN_OBJC_LITERAL_CONVERSION = YES;
				CLANG_WARN_OBJC_ROOT_CLASS = YES_ERROR;
				CLANG_WARN_RANGE_LOOP_ANALYSIS = YES;
				CLANG_WARN_STRICT_PROTOTYPES = YES;
				CLANG_WARN_SUSPICIOUS_MOVE = YES;
				CLANG_WARN_UNGUARDED_AVAILABILITY = YES_AGGRESSIVE;
				CLANG_WARN_UNREACHABLE_CODE = YES;
				CLANG_WARN__DUPLICATE_METHOD_MATCH = YES;
				COPY_PHASE_STRIP = NO;
				DEBUG_INFORMATION_FORMAT = dwarf;
				ENABLE_STRICT_OBJC_MSGSEND = YES;
				ENABLE_TESTABILITY = YES;
				GCC_C_LANGUAGE_STANDARD = gnu11;
				GCC_DYNAMIC_NO_PIC = NO;
				GCC_NO_COMMON_BLOCKS = YES;
				GCC_OPTIMIZATION_LEVEL = 0;
				GCC_PREPROCESSOR_DEFINITIONS = (
					"DEBUG=1",
					"$(inherited)",
				);
				GCC_WARN_64_TO_32_BIT_CONVERSION = YES;
				GCC_WARN_ABOUT_RETURN_TYPE = YES_ERROR;
				GCC_WARN_UNDECLARED_SELECTOR = YES;
				GCC_WARN_UNINITIALIZED_AUTOS = YES_AGGRESSIVE;
				GCC_WARN_UNUSED_FUNCTION = YES;
				GCC_WARN_UNUSED_VARIABLE = YES;
				IPHONEOS_DEPLOYMENT_TARGET = 13.6;
				MTL_ENABLE_DEBUG_INFO = INCLUDE_SOURCE;
				MTL_FAST_MATH = YES;
				ONLY_ACTIVE_ARCH = YES;
				SDKROOT = iphoneos;
				SWIFT_ACTIVE_COMPILATION_CONDITIONS = DEBUG;
				SWIFT_OPTIMIZATION_LEVEL = "-Onone";
			};
			name = Debug;
		};
		55BE9CD624DF662C00B814FE /* Release */ = {
			isa = XCBuildConfiguration;
			buildSettings = {
				ALWAYS_SEARCH_USER_PATHS = NO;
				CLANG_ANALYZER_NONNULL = YES;
				CLANG_ANALYZER_NUMBER_OBJECT_CONVERSION = YES_AGGRESSIVE;
				CLANG_CXX_LANGUAGE_STANDARD = "gnu++14";
				CLANG_CXX_LIBRARY = "libc++";
				CLANG_ENABLE_MODULES = YES;
				CLANG_ENABLE_OBJC_ARC = YES;
				CLANG_ENABLE_OBJC_WEAK = YES;
				CLANG_WARN_BLOCK_CAPTURE_AUTORELEASING = YES;
				CLANG_WARN_BOOL_CONVERSION = YES;
				CLANG_WARN_COMMA = YES;
				CLANG_WARN_CONSTANT_CONVERSION = YES;
				CLANG_WARN_DEPRECATED_OBJC_IMPLEMENTATIONS = YES;
				CLANG_WARN_DIRECT_OBJC_ISA_USAGE = YES_ERROR;
				CLANG_WARN_DOCUMENTATION_COMMENTS = YES;
				CLANG_WARN_EMPTY_BODY = YES;
				CLANG_WARN_ENUM_CONVERSION = YES;
				CLANG_WARN_INFINITE_RECURSION = YES;
				CLANG_WARN_INT_CONVERSION = YES;
				CLANG_WARN_NON_LITERAL_NULL_CONVERSION = YES;
				CLANG_WARN_OBJC_IMPLICIT_RETAIN_SELF = YES;
				CLANG_WARN_OBJC_LITERAL_CONVERSION = YES;
				CLANG_WARN_OBJC_ROOT_CLASS = YES_ERROR;
				CLANG_WARN_RANGE_LOOP_ANALYSIS = YES;
				CLANG_WARN_STRICT_PROTOTYPES = YES;
				CLANG_WARN_SUSPICIOUS_MOVE = YES;
				CLANG_WARN_UNGUARDED_AVAILABILITY = YES_AGGRESSIVE;
				CLANG_WARN_UNREACHABLE_CODE = YES;
				CLANG_WARN__DUPLICATE_METHOD_MATCH = YES;
				COPY_PHASE_STRIP = NO;
				DEBUG_INFORMATION_FORMAT = "dwarf-with-dsym";
				ENABLE_NS_ASSERTIONS = NO;
				ENABLE_STRICT_OBJC_MSGSEND = YES;
				GCC_C_LANGUAGE_STANDARD = gnu11;
				GCC_NO_COMMON_BLOCKS = YES;
				GCC_WARN_64_TO_32_BIT_CONVERSION = YES;
				GCC_WARN_ABOUT_RETURN_TYPE = YES_ERROR;
				GCC_WARN_UNDECLARED_SELECTOR = YES;
				GCC_WARN_UNINITIALIZED_AUTOS = YES_AGGRESSIVE;
				GCC_WARN_UNUSED_FUNCTION = YES;
				GCC_WARN_UNUSED_VARIABLE = YES;
				IPHONEOS_DEPLOYMENT_TARGET = 13.6;
				MTL_ENABLE_DEBUG_INFO = NO;
				MTL_FAST_MATH = YES;
				SDKROOT = iphoneos;
				SWIFT_COMPILATION_MODE = wholemodule;
				SWIFT_OPTIMIZATION_LEVEL = "-O";
				VALIDATE_PRODUCT = YES;
			};
			name = Release;
		};
		55BE9CD824DF662C00B814FE /* Debug */ = {
			isa = XCBuildConfiguration;
			buildSettings = {
				ASSETCATALOG_COMPILER_APPICON_NAME = AppIcon;
				CODE_SIGN_STYLE = Automatic;
				DEVELOPMENT_TEAM = VHAK2KP6YN;
				INFOPLIST_FILE = Random_Dog_API/Info.plist;
				LD_RUNPATH_SEARCH_PATHS = (
					"$(inherited)",
					"@executable_path/Frameworks",
				);
				PRODUCT_BUNDLE_IDENTIFIER = "dev.ios-mobile.Random-Dog-API";
				PRODUCT_NAME = "$(TARGET_NAME)";
				SWIFT_VERSION = 5.0;
				TARGETED_DEVICE_FAMILY = "1,2";
			};
			name = Debug;
		};
		55BE9CD924DF662C00B814FE /* Release */ = {
			isa = XCBuildConfiguration;
			buildSettings = {
				ASSETCATALOG_COMPILER_APPICON_NAME = AppIcon;
				CODE_SIGN_STYLE = Automatic;
				DEVELOPMENT_TEAM = VHAK2KP6YN;
				INFOPLIST_FILE = Random_Dog_API/Info.plist;
				LD_RUNPATH_SEARCH_PATHS = (
					"$(inherited)",
					"@executable_path/Frameworks",
				);
				PRODUCT_BUNDLE_IDENTIFIER = "dev.ios-mobile.Random-Dog-API";
				PRODUCT_NAME = "$(TARGET_NAME)";
				SWIFT_VERSION = 5.0;
				TARGETED_DEVICE_FAMILY = "1,2";
			};
			name = Release;
		};
/* End XCBuildConfiguration section */

/* Begin XCConfigurationList section */
		55BE9CBE24DF662B00B814FE /* Build configuration list for PBXProject "Random_Dog_API" */ = {
			isa = XCConfigurationList;
			buildConfigurations = (
				55BE9CD524DF662C00B814FE /* Debug */,
				55BE9CD624DF662C00B814FE /* Release */,
			);
			defaultConfigurationIsVisible = 0;
			defaultConfigurationName = Release;
		};
		55BE9CD724DF662C00B814FE /* Build configuration list for PBXNativeTarget "Random_Dog_API" */ = {
			isa = XCConfigurationList;
			buildConfigurations = (
				55BE9CD824DF662C00B814FE /* Debug */,
				55BE9CD924DF662C00B814FE /* Release */,
			);
			defaultConfigurationIsVisible = 0;
			defaultConfigurationName = Release;
		};
/* End XCConfigurationList section */
	};
	rootObject = 55BE9CBB24DF662B00B814FE /* Project object */;
}
